
Microsoft Visual Studio Solution File, Format Version 12.00
# Visual Studio Version 17
VisualStudioVersion = 17.2.32505.173
MinimumVisualStudioVersion = 10.0.40219.1
Project("{9A19103F-16F7-4668-BE54-9A1E7A4F7556}") = "CRUD.CadastroUsuarios", "CRUD_CadastroUsuarios\CRUD.CadastroUsuarios.csproj", "{E3520FF6-4743-4674-9F6F-B870640CCDDB}"
EndProject
Project("{9A19103F-16F7-4668-BE54-9A1E7A4F7556}") = "CRUD.Dominio", "CRUD.Dominio\CRUD.Dominio.csproj", "{3AD50F32-4233-445E-9C07-05D872A32A29}"
EndProject
Project("{9A19103F-16F7-4668-BE54-9A1E7A4F7556}") = "CRUD.Infra", "CRUD.Infra\CRUD.Infra.csproj", "{38FB144B-59BF-4C40-85BA-B1327AA1FF57}"
EndProject
Project("{FAE04EC0-301F-11D3-BF4B-00C04F79EFBC}") = "CRUD.WebApp", "CRUD.WebApp\CRUD.WebApp.csproj", "{DC7F97CE-7738-4040-B6F0-D000BF1EAB8B}"
EndProject
Global
	GlobalSection(SolutionConfigurationPlatforms) = preSolution
		Debug|Any CPU = Debug|Any CPU
		Release|Any CPU = Release|Any CPU
	EndGlobalSection
	GlobalSection(ProjectConfigurationPlatforms) = postSolution
		{E3520FF6-4743-4674-9F6F-B870640CCDDB}.Debug|Any CPU.ActiveCfg = Debug|Any CPU
		{E3520FF6-4743-4674-9F6F-B870640CCDDB}.Debug|Any CPU.Build.0 = Debug|Any CPU
		{E3520FF6-4743-4674-9F6F-B870640CCDDB}.Release|Any CPU.ActiveCfg = Release|Any CPU
		{E3520FF6-4743-4674-9F6F-B870640CCDDB}.Release|Any CPU.Build.0 = Release|Any CPU
		{3AD50F32-4233-445E-9C07-05D872A32A29}.Debug|Any CPU.ActiveCfg = Debug|Any CPU
		{3AD50F32-4233-445E-9C07-05D872A32A29}.Debug|Any CPU.Build.0 = Debug|Any CPU
		{3AD50F32-4233-445E-9C07-05D872A32A29}.Release|Any CPU.ActiveCfg = Release|Any CPU
		{3AD50F32-4233-445E-9C07-05D872A32A29}.Release|Any CPU.Build.0 = Release|Any CPU
		{38FB144B-59BF-4C40-85BA-B1327AA1FF57}.Debug|Any CPU.ActiveCfg = Debug|Any CPU
		{38FB144B-59BF-4C40-85BA-B1327AA1FF57}.Debug|Any CPU.Build.0 = Debug|Any CPU
		{38FB144B-59BF-4C40-85BA-B1327AA1FF57}.Release|Any CPU.ActiveCfg = Release|Any CPU
		{38FB144B-59BF-4C40-85BA-B1327AA1FF57}.Release|Any CPU.Build.0 = Release|Any CPU
		{DC7F97CE-7738-4040-B6F0-D000BF1EAB8B}.Debug|Any CPU.ActiveCfg = Debug|Any CPU
		{DC7F97CE-7738-4040-B6F0-D000BF1EAB8B}.Debug|Any CPU.Build.0 = Debug|Any CPU
		{DC7F97CE-7738-4040-B6F0-D000BF1EAB8B}.Release|Any CPU.ActiveCfg = Release|Any CPU
		{DC7F97CE-7738-4040-B6F0-D000BF1EAB8B}.Release|Any CPU.Build.0 = Release|Any CPU
	EndGlobalSection
	GlobalSection(SolutionProperties) = preSolution
		HideSolutionNode = FALSE
	EndGlobalSection
	GlobalSection(ExtensibilityGlobals) = postSolution
		SolutionGuid = {FBBBDC45-034C-4332-BDE1-F71F2C14689D}
	EndGlobalSection
EndGlobal
