
Microsoft Visual Studio Solution File, Format Version 12.00
# Visual Studio Version 17
VisualStudioVersion = 17.2.32505.173
MinimumVisualStudioVersion = 10.0.40219.1
Project("{FAE04EC0-301F-11D3-BF4B-00C04F79EFBC}") = "CRUD_CadastroCliente", "CRUD_CadastroCliente\CRUD_CadastroCliente.csproj", "{171B9A15-60A2-412D-B8ED-66E0C06E39C4}"
EndProject
Global
	GlobalSection(SolutionConfigurationPlatforms) = preSolution
		Debug|Any CPU = Debug|Any CPU
		Release|Any CPU = Release|Any CPU
	EndGlobalSection
	GlobalSection(ProjectConfigurationPlatforms) = postSolution
		{171B9A15-60A2-412D-B8ED-66E0C06E39C4}.Debug|Any CPU.ActiveCfg = Debug|Any CPU
		{171B9A15-60A2-412D-B8ED-66E0C06E39C4}.Debug|Any CPU.Build.0 = Debug|Any CPU
		{171B9A15-60A2-412D-B8ED-66E0C06E39C4}.Release|Any CPU.ActiveCfg = Release|Any CPU
		{171B9A15-60A2-412D-B8ED-66E0C06E39C4}.Release|Any CPU.Build.0 = Release|Any CPU
	EndGlobalSection
	GlobalSection(SolutionProperties) = preSolution
		HideSolutionNode = FALSE
	EndGlobalSection
	GlobalSection(ExtensibilityGlobals) = postSolution
		SolutionGuid = {FBBBDC45-034C-4332-BDE1-F71F2C14689D}
	EndGlobalSection
EndGlobal
